
Microsoft Visual Studio Solution File, Format Version 12.00
# Visual Studio Version 16
VisualStudioVersion = 16.0.30406.217
MinimumVisualStudioVersion = 10.0.40219.1
Project("{FAE04EC0-301F-11D3-BF4B-00C04F79EFBC}") = "EZPZPOS.MVC", "EZPZPOS.MVC\EZPZPOS.MVC.csproj", "{01E463F2-658F-423B-A382-CD759F522E0E}"
EndProject
Project("{FAE04EC0-301F-11D3-BF4B-00C04F79EFBC}") = "EZPZPOS.Data", "EZPZPOS.Data\EZPZPOS.Data.csproj", "{2A0EF872-1A30-45B5-AC9C-635F3C94F445}"
EndProject
Project("{FAE04EC0-301F-11D3-BF4B-00C04F79EFBC}") = "EZPZPOS.Models", "EZPZPOS.Models\EZPZPOS.Models.csproj", "{B1E963A1-D577-4158-8D28-0F9AA4BB9DAA}"
EndProject
Project("{FAE04EC0-301F-11D3-BF4B-00C04F79EFBC}") = "EZPZPOS.Services", "EZPZPOS.Services\EZPZPOS.Services.csproj", "{020D175B-3B9A-4248-A487-3F9F2FE551C8}"
EndProject
Global
	GlobalSection(SolutionConfigurationPlatforms) = preSolution
		Debug|Any CPU = Debug|Any CPU
		Release|Any CPU = Release|Any CPU
	EndGlobalSection
	GlobalSection(ProjectConfigurationPlatforms) = postSolution
		{01E463F2-658F-423B-A382-CD759F522E0E}.Debug|Any CPU.ActiveCfg = Debug|Any CPU
		{01E463F2-658F-423B-A382-CD759F522E0E}.Debug|Any CPU.Build.0 = Debug|Any CPU
		{01E463F2-658F-423B-A382-CD759F522E0E}.Release|Any CPU.ActiveCfg = Release|Any CPU
		{01E463F2-658F-423B-A382-CD759F522E0E}.Release|Any CPU.Build.0 = Release|Any CPU
		{2A0EF872-1A30-45B5-AC9C-635F3C94F445}.Debug|Any CPU.ActiveCfg = Debug|Any CPU
		{2A0EF872-1A30-45B5-AC9C-635F3C94F445}.Debug|Any CPU.Build.0 = Debug|Any CPU
		{2A0EF872-1A30-45B5-AC9C-635F3C94F445}.Release|Any CPU.ActiveCfg = Release|Any CPU
		{2A0EF872-1A30-45B5-AC9C-635F3C94F445}.Release|Any CPU.Build.0 = Release|Any CPU
		{B1E963A1-D577-4158-8D28-0F9AA4BB9DAA}.Debug|Any CPU.ActiveCfg = Debug|Any CPU
		{B1E963A1-D577-4158-8D28-0F9AA4BB9DAA}.Debug|Any CPU.Build.0 = Debug|Any CPU
		{B1E963A1-D577-4158-8D28-0F9AA4BB9DAA}.Release|Any CPU.ActiveCfg = Release|Any CPU
		{B1E963A1-D577-4158-8D28-0F9AA4BB9DAA}.Release|Any CPU.Build.0 = Release|Any CPU
		{020D175B-3B9A-4248-A487-3F9F2FE551C8}.Debug|Any CPU.ActiveCfg = Debug|Any CPU
		{020D175B-3B9A-4248-A487-3F9F2FE551C8}.Debug|Any CPU.Build.0 = Debug|Any CPU
		{020D175B-3B9A-4248-A487-3F9F2FE551C8}.Release|Any CPU.ActiveCfg = Release|Any CPU
		{020D175B-3B9A-4248-A487-3F9F2FE551C8}.Release|Any CPU.Build.0 = Release|Any CPU
	EndGlobalSection
	GlobalSection(SolutionProperties) = preSolution
		HideSolutionNode = FALSE
	EndGlobalSection
	GlobalSection(ExtensibilityGlobals) = postSolution
		SolutionGuid = {1BCDE6A8-6FAC-4B2E-9D70-4FE827C367BD}
	EndGlobalSection
EndGlobal
